Microsoft Visual Studio Solution File, Format Version 12.00
# Visual Studio Version 17
VisualStudioVersion = 17.9.34714.143
MinimumVisualStudioVersion = 10.0.40219.1
Project("{9A19103F-16F7-4668-BE54-9A1E7A4F7556}") = "Dust2Agent.Common", "src\Dust2Agent.Common\Dust2Agent.Common.csproj", "{3A1C4E10-6D4B-4C55-9B21-0A1F7E2C5A01}"
EndProject
Project("{9A19103F-16F7-4668-BE54-9A1E7A4F7556}") = "Dust2Agent.Service", "src\Dust2Agent.Service\Dust2Agent.Service.csproj", "{3A1C4E10-6D4B-4C55-9B21-0A1F7E2C5A02}"
EndProject
Project("{9A19103F-16F7-4668-BE54-9A1E7A4F7556}") = "Dust2Agent.Shell", "src\Dust2Agent.Shell\Dust2Agent.Shell.csproj", "{3A1C4E10-6D4B-4C55-9B21-0A1F7E2C5A03}"
EndProject
Project("{9A19103F-16F7-4668-BE54-9A1E7A4F7556}") = "Dust2Agent.Tests", "tests\Dust2Agent.Tests\Dust2Agent.Tests.csproj", "{3A1C4E10-6D4B-4C55-9B21-0A1F7E2C5A04}"
EndProject
Global
	GlobalSection(SolutionConfigurationPlatforms) = preSolution
		Debug|Any CPU = Debug|Any CPU
		Release|Any CPU = Release|Any CPU
	EndGlobalSection
	GlobalSection(ProjectConfigurationPlatforms) = postSolution
		{3A1C4E10-6D4B-4C55-9B21-0A1F7E2C5A01}.Debug|Any CPU.ActiveCfg = Debug|Any CPU
		{3A1C4E10-6D4B-4C55-9B21-0A1F7E2C5A01}.Debug|Any CPU.Build.0 = Debug|Any CPU
		{3A1C4E10-6D4B-4C55-9B21-0A1F7E2C5A01}.Release|Any CPU.ActiveCfg = Release|Any CPU
		{3A1C4E10-6D4B-4C55-9B21-0A1F7E2C5A01}.Release|Any CPU.Build.0 = Release|Any CPU
		{3A1C4E10-6D4B-4C55-9B21-0A1F7E2C5A02}.Debug|Any CPU.ActiveCfg = Debug|Any CPU
		{3A1C4E10-6D4B-4C55-9B21-0A1F7E2C5A02}.Debug|Any CPU.Build.0 = Debug|Any CPU
		{3A1C4E10-6D4B-4C55-9B21-0A1F7E2C5A02}.Release|Any CPU.ActiveCfg = Release|Any CPU
		{3A1C4E10-6D4B-4C55-9B21-0A1F7E2C5A02}.Release|Any CPU.Build.0 = Release|Any CPU
		{3A1C4E10-6D4B-4C55-9B21-0A1F7E2C5A03}.Debug|Any CPU.ActiveCfg = Debug|Any CPU
		{3A1C4E10-6D4B-4C55-9B21-0A1F7E2C5A03}.Debug|Any CPU.Build.0 = Debug|Any CPU
		{3A1C4E10-6D4B-4C55-9B21-0A1F7E2C5A03}.Release|Any CPU.ActiveCfg = Release|Any CPU
		{3A1C4E10-6D4B-4C55-9B21-0A1F7E2C5A03}.Release|Any CPU.Build.0 = Release|Any CPU
		{3A1C4E10-6D4B-4C55-9B21-0A1F7E2C5A04}.Debug|Any CPU.ActiveCfg = Debug|Any CPU
		{3A1C4E10-6D4B-4C55-9B21-0A1F7E2C5A04}.Debug|Any CPU.Build.0 = Debug|Any CPU
		{3A1C4E10-6D4B-4C55-9B21-0A1F7E2C5A04}.Release|Any CPU.ActiveCfg = Release|Any CPU
		{3A1C4E10-6D4B-4C55-9B21-0A1F7E2C5A04}.Release|Any CPU.Build.0 = Release|Any CPU
	EndGlobalSection
	GlobalSection(SolutionProperties) = preSolution
		HideSolutionNode = FALSE
	EndGlobalSection
EndGlobal
